github.com/cnkei/gospline v0.0.0-20180929110753-23435f75ed52 h1:CNwu9BAu2zKtcwCJe8jVQi2FnX0U0z92i1zxM7jej70=
github.com/cnkei/gospline v0.0.0-20180929110753-23435f75ed52/go.mod h1:VyRr4m2p10ELPEJOiF3tzi51qzUG2sbPwultsrszO9A=
github.com/dustin/go-humanize v1.0.0 h1:VSnTsYCnlFHaM2/igO1h6X3HA71jcobQuxemgkq4zYo=
github.com/dustin/go-humanize v1.0.0/go.mod h1:HtrtbFcZ19U5GC7JDqmcUSB87Iq5E25KnS6fMYU6eOk=
github.com/h2non/bimg v1.0.19 h1:lrKA2oi4DttnscGeb/oRiBIcRiAX33mmp3yQX8JzGIc=
github.com/h2non/bimg v1.0.19/go.mod h1:R3+UiYwkK4rQl6KVFTOFJHitgLbZXBZNFh2cv3AEbp8=
github.com/inconshreveable/mousetrap v1.0.0 h1:Z8tu5sraLXCXIcARxBp/8cbvlwVa7Z1NHg9XEKhtSvM=
github.com/inconshreveable/mousetrap v1.0.0/go.mod h1:PxqpIevigyE2G7u3NXJIT2ANytuPF1OarO4DADm73n8=
github.com/shiyanhui/hero v0.0.1 h1:yW3qmJ9G+cpE/sTY6swYEE8CHlUJtWU/pA5TAESd2bY=
github.com/shiyanhui/hero v0.0.1/go.mod h1:aBlyf5bmklQfvOmVQm5i04lIGFY7t2QYIJdqEMNGJZM=
github.com/spf13/cobra v0.0.3 h1:ZlrZ4XsMRm04Fr5pSFxBgfND2EBVa1nLpiy1stUsX/8=
github.com/spf13/cobra v0.0.3/go.mod h1:1l0Ry5zgKvJasoi3XT1TypsSe7PqH0Sj9dhYf7v3XqQ=
github.com/spf13/pflag v1.0.3 h1:zPAT6CGy6wXeQ7NtTnaTerfKOsV6V6F8agHXFiazDkg=
github.com/spf13/pflag v1.0.3/go.mod h1:DYY7MBk1bdzusC3SYhjObp+wFpr4gzcvqqNjLnInEg4=
