# This file is autogenerated, do not edit; changes may be undone by the next 'dep ensure'.


[[projects]]
  branch = "master"
  digest = "1:d40246c90f3560874e345055db77bb070fe0ec171fc4546e8232e6cbb3c763cd"
  name = "github.com/cnkei/gospline"
  packages = ["."]
  pruneopts = "UT"
  revision = "23435f75ed52ded32474ca0b4261650275fedb4f"

[[projects]]
  digest = "1:6f9339c912bbdda81302633ad7e99a28dfa5a639c864061f1929510a9a64aa74"
  name = "github.com/dustin/go-humanize"
  packages = ["."]
  pruneopts = "UT"
  revision = "9f541cc9db5d55bce703bd99987c9d5cb8eea45e"
  version = "v1.0.0"

[[projects]]
  digest = "1:bc6ccb93f9d234e65a2a859c12bcbe3bf93d2c6c66841a887eae169406999cda"
  name = "github.com/h2non/bimg"
  packages = ["."]
  pruneopts = "UT"
  revision = "4b9abdb945893c295f0e58b6803102f23e061ad0"
  version = "v1.0.19"

[[projects]]
  digest = "1:870d441fe217b8e689d7949fef6e43efbc787e50f200cb1e70dbca9204a1d6be"
  name = "github.com/inconshreveable/mousetrap"
  packages = ["."]
  pruneopts = "UT"
  revision = "76626ae9c91c4f2a10f34cad8ce83ea42c93bb75"
  version = "v1.0"

[[projects]]
  digest = "1:0a7d7f8da501d50c0917e789e8b2c6c60af85ff5091946327e6cf6beddb471f0"
  name = "github.com/shiyanhui/hero"
  packages = ["."]
  pruneopts = "UT"
  revision = "13388ec75acb968f8754631bad15faa062544251"
  version = "v0.0.1"

[[projects]]
  digest = "1:645cabccbb4fa8aab25a956cbcbdf6a6845ca736b2c64e197ca7cbb9d210b939"
  name = "github.com/spf13/cobra"
  packages = ["."]
  pruneopts = "UT"
  revision = "ef82de70bb3f60c65fb8eebacbb2d122ef517385"
  version = "v0.0.3"

[[projects]]
  digest = "1:c1b1102241e7f645bc8e0c22ae352e8f0dc6484b6cb4d132fa9f24174e0119e2"
  name = "github.com/spf13/pflag"
  packages = ["."]
  pruneopts = "UT"
  revision = "298182f68c66c05229eb03ac171abe6e309ee79a"
  version = "v1.0.3"

[solve-meta]
  analyzer-name = "dep"
  analyzer-version = 1
  input-imports = [
    "github.com/cnkei/gospline",
    "github.com/dustin/go-humanize",
    "github.com/h2non/bimg",
    "github.com/shiyanhui/hero",
    "github.com/spf13/cobra",
  ]
  solver-name = "gps-cdcl"
  solver-version = 1
